
Microsoft Visual Studio Solution File, Format Version 12.00
# Visual Studio Version 17
VisualStudioVersion = 17.8.34511.84
MinimumVisualStudioVersion = 10.0.40219.1
Project("{8BC9CEB8-8B4A-11D0-8D11-00A0C91BC942}") = "Zadatak", "Zadatak\Zadatak.vcxproj", "{7613F515-697E-4622-BF79-1FF026F4E63C}"
EndProject
Global
	GlobalSection(SolutionConfigurationPlatforms) = preSolution
		Debug|x64 = Debug|x64
		Debug|x86 = Debug|x86
		Release|x64 = Release|x64
		Release|x86 = Release|x86
	EndGlobalSection
	GlobalSection(ProjectConfigurationPlatforms) = postSolution
		{7613F515-697E-4622-BF79-1FF026F4E63C}.Debug|x64.ActiveCfg = Debug|x64
		{7613F515-697E-4622-BF79-1FF026F4E63C}.Debug|x64.Build.0 = Debug|x64
		{7613F515-697E-4622-BF79-1FF026F4E63C}.Debug|x86.ActiveCfg = Debug|Win32
		{7613F515-697E-4622-BF79-1FF026F4E63C}.Debug|x86.Build.0 = Debug|Win32
		{7613F515-697E-4622-BF79-1FF026F4E63C}.Release|x64.ActiveCfg = Release|x64
		{7613F515-697E-4622-BF79-1FF026F4E63C}.Release|x64.Build.0 = Release|x64
		{7613F515-697E-4622-BF79-1FF026F4E63C}.Release|x86.ActiveCfg = Release|Win32
		{7613F515-697E-4622-BF79-1FF026F4E63C}.Release|x86.Build.0 = Release|Win32
	EndGlobalSection
	GlobalSection(SolutionProperties) = preSolution
		HideSolutionNode = FALSE
	EndGlobalSection
	GlobalSection(ExtensibilityGlobals) = postSolution
		SolutionGuid = {A4AE0CD3-E65E-4DB5-AB6D-C3A1E518B4A8}
	EndGlobalSection
EndGlobal
